
Microsoft Visual Studio Solution File, Format Version 12.00
# Visual Studio 15
VisualStudioVersion = 15.0.34112.143
MinimumVisualStudioVersion = 10.0.40219.1
Project("{FAE04EC0-301F-11D3-BF4B-00C04F79EFBC}") = "TSSDotNet", "TSSDotNet.csproj", "{E37589C6-7759-4C4C-9BAB-D7719424F49D}"
EndProject
Project("{2150E333-8FDC-42A3-9474-1A3956D46DE8}") = "Examples", "Examples", "{26C4A76C-270F-41F4-AB75-FB9B0D9527AD}"
EndProject
Project("{FAE04EC0-301F-11D3-BF4B-00C04F79EFBC}") = "SimpleTest", "Examples\SimpleTest\SimpleTest.csproj", "{95D990AE-C142-4B47-B4CC-12F7842E3552}"
EndProject
Project("{FAE04EC0-301F-11D3-BF4B-00C04F79EFBC}") = "GetCapabilities", "Examples\GetCapabilities\GetCapabilities.csproj", "{675338BD-0953-406A-97F8-8B2CD89E0CE9}"
EndProject
Project("{FAE04EC0-301F-11D3-BF4B-00C04F79EFBC}") = "WrapKey", "Examples\WrapKey\WrapKey.csproj", "{FEA10812-6720-4EA0-BAEA-60B4C0430FDB}"
EndProject
Project("{FAE04EC0-301F-11D3-BF4B-00C04F79EFBC}") = "Import", "Examples\Import\Import.csproj", "{D8FA1176-24CC-478C-9F50-414583958112}"
EndProject
Project("{FAE04EC0-301F-11D3-BF4B-00C04F79EFBC}") = "Signing", "Examples\Signing\Signing.csproj", "{2C2863CD-3CD7-4FB2-B70D-4BDA5FC29ACD}"
EndProject
Project("{FAE04EC0-301F-11D3-BF4B-00C04F79EFBC}") = "PCRandKeys", "Examples\PCRandKeys\PCRandKeys.csproj", "{0A1EA146-AECA-47B5-AE51-911FCA0832FB}"
EndProject
Global
	GlobalSection(SolutionConfigurationPlatforms) = preSolution
		Debug|Any CPU = Debug|Any CPU
		Release|Any CPU = Release|Any CPU
	EndGlobalSection
	GlobalSection(ProjectConfigurationPlatforms) = postSolution
		{E37589C6-7759-4C4C-9BAB-D7719424F49D}.Debug|Any CPU.ActiveCfg = Debug|Any CPU
		{E37589C6-7759-4C4C-9BAB-D7719424F49D}.Debug|Any CPU.Build.0 = Debug|Any CPU
		{E37589C6-7759-4C4C-9BAB-D7719424F49D}.Release|Any CPU.ActiveCfg = Release|Any CPU
		{E37589C6-7759-4C4C-9BAB-D7719424F49D}.Release|Any CPU.Build.0 = Release|Any CPU
		{95D990AE-C142-4B47-B4CC-12F7842E3552}.Debug|Any CPU.ActiveCfg = Debug|Any CPU
		{95D990AE-C142-4B47-B4CC-12F7842E3552}.Debug|Any CPU.Build.0 = Debug|Any CPU
		{95D990AE-C142-4B47-B4CC-12F7842E3552}.Release|Any CPU.ActiveCfg = Release|Any CPU
		{95D990AE-C142-4B47-B4CC-12F7842E3552}.Release|Any CPU.Build.0 = Release|Any CPU
		{675338BD-0953-406A-97F8-8B2CD89E0CE9}.Debug|Any CPU.ActiveCfg = Debug|Any CPU
		{675338BD-0953-406A-97F8-8B2CD89E0CE9}.Debug|Any CPU.Build.0 = Debug|Any CPU
		{675338BD-0953-406A-97F8-8B2CD89E0CE9}.Release|Any CPU.ActiveCfg = Release|Any CPU
		{675338BD-0953-406A-97F8-8B2CD89E0CE9}.Release|Any CPU.Build.0 = Release|Any CPU
		{FEA10812-6720-4EA0-BAEA-60B4C0430FDB}.Debug|Any CPU.ActiveCfg = Debug|Any CPU
		{FEA10812-6720-4EA0-BAEA-60B4C0430FDB}.Debug|Any CPU.Build.0 = Debug|Any CPU
		{FEA10812-6720-4EA0-BAEA-60B4C0430FDB}.Release|Any CPU.ActiveCfg = Release|Any CPU
		{FEA10812-6720-4EA0-BAEA-60B4C0430FDB}.Release|Any CPU.Build.0 = Release|Any CPU
		{D8FA1176-24CC-478C-9F50-414583958112}.Debug|Any CPU.ActiveCfg = Debug|Any CPU
		{D8FA1176-24CC-478C-9F50-414583958112}.Debug|Any CPU.Build.0 = Debug|Any CPU
		{D8FA1176-24CC-478C-9F50-414583958112}.Release|Any CPU.ActiveCfg = Release|Any CPU
		{D8FA1176-24CC-478C-9F50-414583958112}.Release|Any CPU.Build.0 = Release|Any CPU
		{2C2863CD-3CD7-4FB2-B70D-4BDA5FC29ACD}.Debug|Any CPU.ActiveCfg = Debug|Any CPU
		{2C2863CD-3CD7-4FB2-B70D-4BDA5FC29ACD}.Debug|Any CPU.Build.0 = Debug|Any CPU
		{2C2863CD-3CD7-4FB2-B70D-4BDA5FC29ACD}.Release|Any CPU.ActiveCfg = Release|Any CPU
		{2C2863CD-3CD7-4FB2-B70D-4BDA5FC29ACD}.Release|Any CPU.Build.0 = Release|Any CPU
		{0A1EA146-AECA-47B5-AE51-911FCA0832FB}.Debug|Any CPU.ActiveCfg = Debug|Any CPU
		{0A1EA146-AECA-47B5-AE51-911FCA0832FB}.Debug|Any CPU.Build.0 = Debug|Any CPU
		{0A1EA146-AECA-47B5-AE51-911FCA0832FB}.Release|Any CPU.ActiveCfg = Release|Any CPU
		{0A1EA146-AECA-47B5-AE51-911FCA0832FB}.Release|Any CPU.Build.0 = Release|Any CPU
	EndGlobalSection
	GlobalSection(SolutionProperties) = preSolution
		HideSolutionNode = FALSE
	EndGlobalSection
	GlobalSection(NestedProjects) = preSolution
		{95D990AE-C142-4B47-B4CC-12F7842E3552} = {26C4A76C-270F-41F4-AB75-FB9B0D9527AD}
		{675338BD-0953-406A-97F8-8B2CD89E0CE9} = {26C4A76C-270F-41F4-AB75-FB9B0D9527AD}
		{FEA10812-6720-4EA0-BAEA-60B4C0430FDB} = {26C4A76C-270F-41F4-AB75-FB9B0D9527AD}
		{D8FA1176-24CC-478C-9F50-414583958112} = {26C4A76C-270F-41F4-AB75-FB9B0D9527AD}
		{2C2863CD-3CD7-4FB2-B70D-4BDA5FC29ACD} = {26C4A76C-270F-41F4-AB75-FB9B0D9527AD}
		{0A1EA146-AECA-47B5-AE51-911FCA0832FB} = {26C4A76C-270F-41F4-AB75-FB9B0D9527AD}
	EndGlobalSection
	GlobalSection(ExtensibilityGlobals) = postSolution
		SolutionGuid = {D402B8E8-F7F1-45C9-B594-3FE216254CCB}
	EndGlobalSection
EndGlobal
